// !$*UTF8*$!
{
	archiveVersion = 1;
	classes = {
	};
	objectVersion = 46;
	objects = {

/* Begin PBXBuildFile section */
		6E496E6214DC065E00E68CA3 /* UIKit.framework in Frameworks */ = {isa = PBXBuildFile; fileRef = 6E496E6114DC065E00E68CA3 /* UIKit.framework */; };
		6E496E6414DC065E00E68CA3 /* Foundation.framework in Frameworks */ = {isa = PBXBuildFile; fileRef = 6E496E6314DC065E00E68CA3 /* Foundation.framework */; };
		6E496E6614DC065E00E68CA3 /* CoreGraphics.framework in Frameworks */ = {isa = PBXBuildFile; fileRef = 6E496E6514DC065E00E68CA3 /* CoreGraphics.framework */; };
		6E496E6C14DC065E00E68CA3 /* InfoPlist.strings in Resources */ = {isa = PBXBuildFile; fileRef = 6E496E6A14DC065E00E68CA3 /* InfoPlist.strings */; };
		6E496E6E14DC065E00E68CA3 /* main.m in Sources */ = {isa = PBXBuildFile; fileRef = 6E496E6D14DC065E00E68CA3 /* main.m */; };
		6E496E7214DC065E00E68CA3 /* PFAppDelegate.m in Sources */ = {isa = PBXBuildFile; fileRef = 6E496E7114DC065E00E68CA3 /* PFAppDelegate.m */; };
		6E496E7514DC065E00E68CA3 /* PFViewController.m in Sources */ = {isa = PBXBuildFile; fileRef = 6E496E7414DC065E00E68CA3 /* PFViewController.m */; };
		6E496E7814DC065E00E68CA3 /* PFViewController.xib in Resources */ = {isa = PBXBuildFile; fileRef = 6E496E7614DC065E00E68CA3 /* PFViewController.xib */; };
/* End PBXBuildFile section */

/* Begin PBXFileReference section */
		6E496E5D14DC065E00E68CA3 /* PlistFile.app */ = {isa = PBXFileReference; explicitFileType = wrapper.application; includeInIndex = 0; path = PlistFile.app; sourceTree = BUILT_PRODUCTS_DIR; };
		6E496E6114DC065E00E68CA3 /* UIKit.framework */ = {isa = PBXFileReference; lastKnownFileType = wrapper.framework; name = UIKit.framework; path = System/Library/Frameworks/UIKit.framework; sourceTree = SDKROOT; };
		6E496E6314DC065E00E68CA3 /* Foundation.framework */ = {isa = PBXFileReference; lastKnownFileType = wrapper.framework; name = Foundation.framework; path = System/Library/Frameworks/Foundation.framework; sourceTree = SDKROOT; };
		6E496E6514DC065E00E68CA3 /* CoreGraphics.framework */ = {isa = PBXFileReference; lastKnownFileType = wrapper.framework; name = CoreGraphics.framework; path = System/Library/Frameworks/CoreGraphics.framework; sourceTree = SDKROOT; };
		6E496E6914DC065E00E68CA3 /* PlistFile-Info.plist */ = {isa = PBXFileReference; lastKnownFileType = text.plist.xml; path = "PlistFile-Info.plist"; sourceTree = "<group>"; };
		6E496E6B14DC065E00E68CA3 /* en */ = {isa = PBXFileReference; lastKnownFileType = text.plist.strings; name = en; path = en.lproj/InfoPlist.strings; sourceTree = "<group>"; };
		6E496E6D14DC065E00E68CA3 /* main.m */ = {isa = PBXFileReference; lastKnownFileType = sourcecode.c.objc; path = main.m; sourceTree = "<group>"; };
		6E496E6F14DC065E00E68CA3 /* PlistFile-Prefix.pch */ = {isa = PBXFileReference; lastKnownFileType = sourcecode.c.h; path = "PlistFile-Prefix.pch"; sourceTree = "<group>"; };
		6E496E7014DC065E00E68CA3 /* PFAppDelegate.h */ = {isa = PBXFileReference; lastKnownFileType = sourcecode.c.h; path = PFAppDelegate.h; sourceTree = "<group>"; };
		6E496E7114DC065E00E68CA3 /* PFAppDelegate.m */ = {isa = PBXFileReference; lastKnownFileType = sourcecode.c.objc; path = PFAppDelegate.m; sourceTree = "<group>"; };
		6E496E7314DC065E00E68CA3 /* PFViewController.h */ = {isa = PBXFileReference; lastKnownFileType = sourcecode.c.h; path = PFViewController.h; sourceTree = "<group>"; };
		6E496E7414DC065E00E68CA3 /* PFViewController.m */ = {isa = PBXFileReference; lastKnownFileType = sourcecode.c.objc; path = PFViewController.m; sourceTree = "<group>"; };
		6E496E7714DC065E00E68CA3 /* en */ = {isa = PBXFileReference; lastKnownFileType = file.xib; name = en; path = en.lproj/PFViewController.xib; sourceTree = "<group>"; };
/* End PBXFileReference section */

/* Begin PBXFrameworksBuildPhase section */
		6E496E5A14DC065E00E68CA3 /* Frameworks */ = {
			isa = PBXFrameworksBuildPhase;
			buildActionMask = 2147483647;
			files = (
				6E496E6214DC065E00E68CA3 /* UIKit.framework in Frameworks */,
				6E496E6414DC065E00E68CA3 /* Foundation.framework in Frameworks */,
				6E496E6614DC065E00E68CA3 /* CoreGraphics.framework in Frameworks */,
			);
			runOnlyForDeploymentPostprocessing = 0;
		};
/* End PBXFrameworksBuildPhase section */

/* Begin PBXGroup section */
		6E496E5214DC065D00E68CA3 = {
			isa = PBXGroup;
			children = (
				6E496E6714DC065E00E68CA3 /* PlistFile */,
				6E496E6014DC065E00E68CA3 /* Frameworks */,
				6E496E5E14DC065E00E68CA3 /* Products */,
			);
			sourceTree = "<group>";
		};
		6E496E5E14DC065E00E68CA3 /* Products */ = {
			isa = PBXGroup;
			children = (
				6E496E5D14DC065E00E68CA3 /* PlistFile.app */,
			);
			name = Products;
			sourceTree = "<group>";
		};
		6E496E6014DC065E00E68CA3 /* Frameworks */ = {
			isa = PBXGroup;
			children = (
				6E496E6114DC065E00E68CA3 /* UIKit.framework */,
				6E496E6314DC065E00E68CA3 /* Foundation.framework */,
				6E496E6514DC065E00E68CA3 /* CoreGraphics.framework */,
			);
			name = Frameworks;
			sourceTree = "<group>";
		};
		6E496E6714DC065E00E68CA3 /* PlistFile */ = {
			isa = PBXGroup;
			children = (
				6E496E7014DC065E00E68CA3 /* PFAppDelegate.h */,
				6E496E7114DC065E00E68CA3 /* PFAppDelegate.m */,
				6E496E7314DC065E00E68CA3 /* PFViewController.h */,
				6E496E7414DC065E00E68CA3 /* PFViewController.m */,
				6E496E7614DC065E00E68CA3 /* PFViewController.xib */,
				6E496E6814DC065E00E68CA3 /* Supporting Files */,
			);
			path = PlistFile;
			sourceTree = "<group>";
		};
		6E496E6814DC065E00E68CA3 /* Supporting Files */ = {
			isa = PBXGroup;
			children = (
				6E496E6914DC065E00E68CA3 /* PlistFile-Info.plist */,
				6E496E6A14DC065E00E68CA3 /* InfoPlist.strings */,
				6E496E6D14DC065E00E68CA3 /* main.m */,
				6E496E6F14DC065E00E68CA3 /* PlistFile-Prefix.pch */,
			);
			name = "Supporting Files";
			sourceTree = "<group>";
		};
/* End PBXGroup section */

/* Begin PBXNativeTarget section */
		6E496E5C14DC065E00E68CA3 /* PlistFile */ = {
			isa = PBXNativeTarget;
			buildConfigurationList = 6E496E7B14DC065E00E68CA3 /* Build configuration list for PBXNativeTarget "PlistFile" */;
			buildPhases = (
				6E496E5914DC065E00E68CA3 /* Sources */,
				6E496E5A14DC065E00E68CA3 /* Frameworks */,
				6E496E5B14DC065E00E68CA3 /* Resources */,
			);
			buildRules = (
			);
			dependencies = (
			);
			name = PlistFile;
			productName = PlistFile;
			productReference = 6E496E5D14DC065E00E68CA3 /* PlistFile.app */;
			productType = "com.apple.product-type.application";
		};
/* End PBXNativeTarget section */

/* Begin PBXProject section */
		6E496E5414DC065D00E68CA3 /* Project object */ = {
			isa = PBXProject;
			attributes = {
				LastUpgradeCheck = 0420;
			};
			buildConfigurationList = 6E496E5714DC065D00E68CA3 /* Build configuration list for PBXProject "PlistFile" */;
			compatibilityVersion = "Xcode 3.2";
			developmentRegion = English;
			hasScannedForEncodings = 0;
			knownRegions = (
				en,
			);
			mainGroup = 6E496E5214DC065D00E68CA3;
			productRefGroup = 6E496E5E14DC065E00E68CA3 /* Products */;
			projectDirPath = "";
			projectRoot = "";
			targets = (
				6E496E5C14DC065E00E68CA3 /* PlistFile */,
			);
		};
/* End PBXProject section */

/* Begin PBXResourcesBuildPhase section */
		6E496E5B14DC065E00E68CA3 /* Resources */ = {
			isa = PBXResourcesBuildPhase;
			buildActionMask = 2147483647;
			files = (
				6E496E6C14DC065E00E68CA3 /* InfoPlist.strings in Resources */,
				6E496E7814DC065E00E68CA3 /* PFViewController.xib in Resources */,
			);
			runOnlyForDeploymentPostprocessing = 0;
		};
/* End PBXResourcesBuildPhase section */

/* Begin PBXSourcesBuildPhase section */
		6E496E5914DC065E00E68CA3 /* Sources */ = {
			isa = PBXSourcesBuildPhase;
			buildActionMask = 2147483647;
			files = (
				6E496E6E14DC065E00E68CA3 /* main.m in Sources */,
				6E496E7214DC065E00E68CA3 /* PFAppDelegate.m in Sources */,
				6E496E7514DC065E00E68CA3 /* PFViewController.m in Sources */,
			);
			runOnlyForDeploymentPostprocessing = 0;
		};
/* End PBXSourcesBuildPhase section */

/* Begin PBXVariantGroup section */
		6E496E6A14DC065E00E68CA3 /* InfoPlist.strings */ = {
			isa = PBXVariantGroup;
			children = (
				6E496E6B14DC065E00E68CA3 /* en */,
			);
			name = InfoPlist.strings;
			sourceTree = "<group>";
		};
		6E496E7614DC065E00E68CA3 /* PFViewController.xib */ = {
			isa = PBXVariantGroup;
			children = (
				6E496E7714DC065E00E68CA3 /* en */,
			);
			name = PFViewController.xib;
			sourceTree = "<group>";
		};
/* End PBXVariantGroup section */

/* Begin XCBuildConfiguration section */
		6E496E7914DC065E00E68CA3 /* Debug */ = {
			isa = XCBuildConfiguration;
			buildSettings = {
				ALWAYS_SEARCH_USER_PATHS = NO;
				ARCHS = "$(ARCHS_STANDARD_32_BIT)";
				"CODE_SIGN_IDENTITY[sdk=iphoneos*]" = "iPhone Developer";
				COPY_PHASE_STRIP = NO;
				GCC_C_LANGUAGE_STANDARD = gnu99;
				GCC_DYNAMIC_NO_PIC = NO;
				GCC_OPTIMIZATION_LEVEL = 0;
				GCC_PREPROCESSOR_DEFINITIONS = (
					"DEBUG=1",
					"$(inherited)",
				);
				GCC_SYMBOLS_PRIVATE_EXTERN = NO;
				GCC_VERSION = com.apple.compilers.llvm.clang.1_0;
				GCC_WARN_ABOUT_MISSING_PROTOTYPES = YES;
				GCC_WARN_ABOUT_RETURN_TYPE = YES;
				GCC_WARN_UNUSED_VARIABLE = YES;
				IPHONEOS_DEPLOYMENT_TARGET = 5.0;
				SDKROOT = iphoneos;
			};
			name = Debug;
		};
		6E496E7A14DC065E00E68CA3 /* Release */ = {
			isa = XCBuildConfiguration;
			buildSettings = {
				ALWAYS_SEARCH_USER_PATHS = NO;
				ARCHS = "$(ARCHS_STANDARD_32_BIT)";
				"CODE_SIGN_IDENTITY[sdk=iphoneos*]" = "iPhone Developer";
				COPY_PHASE_STRIP = YES;
				GCC_C_LANGUAGE_STANDARD = gnu99;
				GCC_VERSION = com.apple.compilers.llvm.clang.1_0;
				GCC_WARN_ABOUT_MISSING_PROTOTYPES = YES;
				GCC_WARN_ABOUT_RETURN_TYPE = YES;
				GCC_WARN_UNUSED_VARIABLE = YES;
				IPHONEOS_DEPLOYMENT_TARGET = 5.0;
				OTHER_CFLAGS = "-DNS_BLOCK_ASSERTIONS=1";
				SDKROOT = iphoneos;
				VALIDATE_PRODUCT = YES;
			};
			name = Release;
		};
		6E496E7C14DC065E00E68CA3 /* Debug */ = {
			isa = XCBuildConfiguration;
			buildSettings = {
				GCC_PRECOMPILE_PREFIX_HEADER = YES;
				GCC_PREFIX_HEADER = "PlistFile/PlistFile-Prefix.pch";
				INFOPLIST_FILE = "PlistFile/PlistFile-Info.plist";
				PRODUCT_NAME = "$(TARGET_NAME)";
				WRAPPER_EXTENSION = app;
			};
			name = Debug;
		};
		6E496E7D14DC065E00E68CA3 /* Release */ = {
			isa = XCBuildConfiguration;
			buildSettings = {
				GCC_PRECOMPILE_PREFIX_HEADER = YES;
				GCC_PREFIX_HEADER = "PlistFile/PlistFile-Prefix.pch";
				INFOPLIST_FILE = "PlistFile/PlistFile-Info.plist";
				PRODUCT_NAME = "$(TARGET_NAME)";
				WRAPPER_EXTENSION = app;
			};
			name = Release;
		};
/* End XCBuildConfiguration section */

/* Begin XCConfigurationList section */
		6E496E5714DC065D00E68CA3 /* Build configuration list for PBXProject "PlistFile" */ = {
			isa = XCConfigurationList;
			buildConfigurations = (
				6E496E7914DC065E00E68CA3 /* Debug */,
				6E496E7A14DC065E00E68CA3 /* Release */,
			);
			defaultConfigurationIsVisible = 0;
			defaultConfigurationName = Release;
		};
		6E496E7B14DC065E00E68CA3 /* Build configuration list for PBXNativeTarget "PlistFile" */ = {
			isa = XCConfigurationList;
			buildConfigurations = (
				6E496E7C14DC065E00E68CA3 /* Debug */,
				6E496E7D14DC065E00E68CA3 /* Release */,
			);
			defaultConfigurationIsVisible = 0;
		};
/* End XCConfigurationList section */
	};
	rootObject = 6E496E5414DC065D00E68CA3 /* Project object */;
}
